
Microsoft Visual Studio Solution File, Format Version 12.00
# Visual Studio Version 17
VisualStudioVersion = 17.7.34024.191
MinimumVisualStudioVersion = 10.0.40219.1
Project("{FAE04EC0-301F-11D3-BF4B-00C04F79EFBC}") = "Ex1", "Ex1\Ex1.csproj", "{53D24087-26C3-4958-9AC1-3910F231505E}"
EndProject
Project("{FAE04EC0-301F-11D3-BF4B-00C04F79EFBC}") = "Ex4", "Ex4\Ex4.csproj", "{7AF2D55E-F14D-4573-B26C-2AFED1A36284}"
EndProject
Project("{FAE04EC0-301F-11D3-BF4B-00C04F79EFBC}") = "Ex3", "Ex3\Ex3.csproj", "{A0A46F7F-5FC9-423E-A13A-866AFA097824}"
EndProject
Project("{FAE04EC0-301F-11D3-BF4B-00C04F79EFBC}") = "App1", "App1\App1.csproj", "{D9563AFE-9F25-4E3C-A8D3-5E8FFDDDD3C6}"
EndProject
Project("{FAE04EC0-301F-11D3-BF4B-00C04F79EFBC}") = "App2", "App2\App2.csproj", "{07B157EF-844C-415C-B3C0-86C793FAF2F4}"
EndProject
Project("{FAE04EC0-301F-11D3-BF4B-00C04F79EFBC}") = "App3", "App3\App3.csproj", "{DA6A60DE-8C56-47F4-B36B-AD5400E09B04}"
EndProject
Project("{FAE04EC0-301F-11D3-BF4B-00C04F79EFBC}") = "App5", "App5\App5.csproj", "{E7AC4C91-D917-4774-A552-820DB5F38706}"
EndProject
Project("{FAE04EC0-301F-11D3-BF4B-00C04F79EFBC}") = "App8", "App8\App8.csproj", "{87E83C13-45F1-4F39-8892-B7DCDD9A6555}"
EndProject
Project("{FAE04EC0-301F-11D3-BF4B-00C04F79EFBC}") = "App6", "App6\App6.csproj", "{79F9643F-1CD1-4F55-A717-882B5B87DCC5}"
EndProject
Project("{FAE04EC0-301F-11D3-BF4B-00C04F79EFBC}") = "App7", "App7\App7.csproj", "{85F89B2C-971A-4028-B149-C444AB1084C8}"
EndProject
Project("{FAE04EC0-301F-11D3-BF4B-00C04F79EFBC}") = "App9", "App9\App9.csproj", "{6C7F427B-B1CA-438C-A458-68AD1B70E4A1}"
EndProject
Project("{FAE04EC0-301F-11D3-BF4B-00C04F79EFBC}") = "App4", "..\App4\App4.csproj", "{F727AC7F-BD27-406E-8A75-7EE0EE67CD66}"
EndProject
Global
	GlobalSection(SolutionConfigurationPlatforms) = preSolution
		Debug|Any CPU = Debug|Any CPU
		Release|Any CPU = Release|Any CPU
	EndGlobalSection
	GlobalSection(ProjectConfigurationPlatforms) = postSolution
		{53D24087-26C3-4958-9AC1-3910F231505E}.Debug|Any CPU.ActiveCfg = Debug|Any CPU
		{53D24087-26C3-4958-9AC1-3910F231505E}.Debug|Any CPU.Build.0 = Debug|Any CPU
		{53D24087-26C3-4958-9AC1-3910F231505E}.Release|Any CPU.ActiveCfg = Release|Any CPU
		{53D24087-26C3-4958-9AC1-3910F231505E}.Release|Any CPU.Build.0 = Release|Any CPU
		{7AF2D55E-F14D-4573-B26C-2AFED1A36284}.Debug|Any CPU.ActiveCfg = Debug|Any CPU
		{7AF2D55E-F14D-4573-B26C-2AFED1A36284}.Debug|Any CPU.Build.0 = Debug|Any CPU
		{7AF2D55E-F14D-4573-B26C-2AFED1A36284}.Release|Any CPU.ActiveCfg = Release|Any CPU
		{7AF2D55E-F14D-4573-B26C-2AFED1A36284}.Release|Any CPU.Build.0 = Release|Any CPU
		{A0A46F7F-5FC9-423E-A13A-866AFA097824}.Debug|Any CPU.ActiveCfg = Debug|Any CPU
		{A0A46F7F-5FC9-423E-A13A-866AFA097824}.Debug|Any CPU.Build.0 = Debug|Any CPU
		{A0A46F7F-5FC9-423E-A13A-866AFA097824}.Release|Any CPU.ActiveCfg = Release|Any CPU
		{A0A46F7F-5FC9-423E-A13A-866AFA097824}.Release|Any CPU.Build.0 = Release|Any CPU
		{D9563AFE-9F25-4E3C-A8D3-5E8FFDDDD3C6}.Debug|Any CPU.ActiveCfg = Debug|Any CPU
		{D9563AFE-9F25-4E3C-A8D3-5E8FFDDDD3C6}.Debug|Any CPU.Build.0 = Debug|Any CPU
		{D9563AFE-9F25-4E3C-A8D3-5E8FFDDDD3C6}.Release|Any CPU.ActiveCfg = Release|Any CPU
		{D9563AFE-9F25-4E3C-A8D3-5E8FFDDDD3C6}.Release|Any CPU.Build.0 = Release|Any CPU
		{07B157EF-844C-415C-B3C0-86C793FAF2F4}.Debug|Any CPU.ActiveCfg = Debug|Any CPU
		{07B157EF-844C-415C-B3C0-86C793FAF2F4}.Debug|Any CPU.Build.0 = Debug|Any CPU
		{07B157EF-844C-415C-B3C0-86C793FAF2F4}.Release|Any CPU.ActiveCfg = Release|Any CPU
		{07B157EF-844C-415C-B3C0-86C793FAF2F4}.Release|Any CPU.Build.0 = Release|Any CPU
		{DA6A60DE-8C56-47F4-B36B-AD5400E09B04}.Debug|Any CPU.ActiveCfg = Debug|Any CPU
		{DA6A60DE-8C56-47F4-B36B-AD5400E09B04}.Debug|Any CPU.Build.0 = Debug|Any CPU
		{DA6A60DE-8C56-47F4-B36B-AD5400E09B04}.Release|Any CPU.ActiveCfg = Release|Any CPU
		{DA6A60DE-8C56-47F4-B36B-AD5400E09B04}.Release|Any CPU.Build.0 = Release|Any CPU
		{E7AC4C91-D917-4774-A552-820DB5F38706}.Debug|Any CPU.ActiveCfg = Debug|Any CPU
		{E7AC4C91-D917-4774-A552-820DB5F38706}.Debug|Any CPU.Build.0 = Debug|Any CPU
		{E7AC4C91-D917-4774-A552-820DB5F38706}.Release|Any CPU.ActiveCfg = Release|Any CPU
		{E7AC4C91-D917-4774-A552-820DB5F38706}.Release|Any CPU.Build.0 = Release|Any CPU
		{87E83C13-45F1-4F39-8892-B7DCDD9A6555}.Debug|Any CPU.ActiveCfg = Debug|Any CPU
		{87E83C13-45F1-4F39-8892-B7DCDD9A6555}.Debug|Any CPU.Build.0 = Debug|Any CPU
		{87E83C13-45F1-4F39-8892-B7DCDD9A6555}.Release|Any CPU.ActiveCfg = Release|Any CPU
		{87E83C13-45F1-4F39-8892-B7DCDD9A6555}.Release|Any CPU.Build.0 = Release|Any CPU
		{79F9643F-1CD1-4F55-A717-882B5B87DCC5}.Debug|Any CPU.ActiveCfg = Debug|Any CPU
		{79F9643F-1CD1-4F55-A717-882B5B87DCC5}.Debug|Any CPU.Build.0 = Debug|Any CPU
		{79F9643F-1CD1-4F55-A717-882B5B87DCC5}.Release|Any CPU.ActiveCfg = Release|Any CPU
		{79F9643F-1CD1-4F55-A717-882B5B87DCC5}.Release|Any CPU.Build.0 = Release|Any CPU
		{85F89B2C-971A-4028-B149-C444AB1084C8}.Debug|Any CPU.ActiveCfg = Debug|Any CPU
		{85F89B2C-971A-4028-B149-C444AB1084C8}.Debug|Any CPU.Build.0 = Debug|Any CPU
		{85F89B2C-971A-4028-B149-C444AB1084C8}.Release|Any CPU.ActiveCfg = Release|Any CPU
		{85F89B2C-971A-4028-B149-C444AB1084C8}.Release|Any CPU.Build.0 = Release|Any CPU
		{6C7F427B-B1CA-438C-A458-68AD1B70E4A1}.Debug|Any CPU.ActiveCfg = Debug|Any CPU
		{6C7F427B-B1CA-438C-A458-68AD1B70E4A1}.Debug|Any CPU.Build.0 = Debug|Any CPU
		{6C7F427B-B1CA-438C-A458-68AD1B70E4A1}.Release|Any CPU.ActiveCfg = Release|Any CPU
		{6C7F427B-B1CA-438C-A458-68AD1B70E4A1}.Release|Any CPU.Build.0 = Release|Any CPU
		{F727AC7F-BD27-406E-8A75-7EE0EE67CD66}.Debug|Any CPU.ActiveCfg = Debug|Any CPU
		{F727AC7F-BD27-406E-8A75-7EE0EE67CD66}.Debug|Any CPU.Build.0 = Debug|Any CPU
		{F727AC7F-BD27-406E-8A75-7EE0EE67CD66}.Release|Any CPU.ActiveCfg = Release|Any CPU
		{F727AC7F-BD27-406E-8A75-7EE0EE67CD66}.Release|Any CPU.Build.0 = Release|Any CPU
	EndGlobalSection
	GlobalSection(SolutionProperties) = preSolution
		HideSolutionNode = FALSE
	EndGlobalSection
	GlobalSection(ExtensibilityGlobals) = postSolution
		SolutionGuid = {196B1642-D146-4489-A0AF-7725826A4BC2}
	EndGlobalSection
EndGlobal
